
Microsoft Visual Studio Solution File, Format Version 12.00
# Visual Studio Version 16
VisualStudioVersion = 16.0.31515.178
MinimumVisualStudioVersion = 10.0.40219.1
Project("{FAE04EC0-301F-11D3-BF4B-00C04F79EFBC}") = "EstoqueWebAPI", "EstoqueWebAPI.csproj", "{C128C063-84EA-4323-B868-43E4E1B2A9F3}"
EndProject
Global
	GlobalSection(SolutionConfigurationPlatforms) = preSolution
		Debug|Any CPU = Debug|Any CPU
		Release|Any CPU = Release|Any CPU
	EndGlobalSection
	GlobalSection(ProjectConfigurationPlatforms) = postSolution
		{C128C063-84EA-4323-B868-43E4E1B2A9F3}.Debug|Any CPU.ActiveCfg = Debug|Any CPU
		{C128C063-84EA-4323-B868-43E4E1B2A9F3}.Debug|Any CPU.Build.0 = Debug|Any CPU
		{C128C063-84EA-4323-B868-43E4E1B2A9F3}.Release|Any CPU.ActiveCfg = Release|Any CPU
		{C128C063-84EA-4323-B868-43E4E1B2A9F3}.Release|Any CPU.Build.0 = Release|Any CPU
	EndGlobalSection
	GlobalSection(SolutionProperties) = preSolution
		HideSolutionNode = FALSE
	EndGlobalSection
	GlobalSection(ExtensibilityGlobals) = postSolution
		SolutionGuid = {71B53384-2EFF-4108-B41B-57C76D9DF2C7}
	EndGlobalSection
EndGlobal
